// !$*UTF8*$!
{
	archiveVersion = 1;
	classes = {
	};
	objectVersion = 46;
	objects = {

/* Begin PBXBuildFile section */
		9891A1D0195A762F00F10712 /* MYScreenShotViewController.m in Sources */ = {isa = PBXBuildFile; fileRef = 9891A1CF195A762F00F10712 /* MYScreenShotViewController.m */; };
		9891A1D3195A795900F10712 /* MYScreenPlot.m in Sources */ = {isa = PBXBuildFile; fileRef = 9891A1D2195A795900F10712 /* MYScreenPlot.m */; };
		9891A1D7195ACB9100F10712 /* 1.png in Resources */ = {isa = PBXBuildFile; fileRef = 9891A1D4195ACB9100F10712 /* 1.png */; };
		9891A1D8195ACB9100F10712 /* 2.png in Resources */ = {isa = PBXBuildFile; fileRef = 9891A1D5195ACB9100F10712 /* 2.png */; };
		9891A1D9195ACB9100F10712 /* 3.png in Resources */ = {isa = PBXBuildFile; fileRef = 9891A1D6195ACB9100F10712 /* 3.png */; };
		9891A1DC195BB6B500F10712 /* MYEditView.m in Sources */ = {isa = PBXBuildFile; fileRef = 9891A1DB195BB6B500F10712 /* MYEditView.m */; };
		9891A1DF195BC5FB00F10712 /* MYDrawCell.m in Sources */ = {isa = PBXBuildFile; fileRef = 9891A1DE195BC5FB00F10712 /* MYDrawCell.m */; };
		9891A1E2195C1ADA00F10712 /* delete.png in Resources */ = {isa = PBXBuildFile; fileRef = 9891A1E1195C1ADA00F10712 /* delete.png */; };
		98D0F99C194FDEAC005B484D /* Foundation.framework in Frameworks */ = {isa = PBXBuildFile; fileRef = 98D0F99B194FDEAC005B484D /* Foundation.framework */; };
		98D0F99E194FDEAC005B484D /* CoreGraphics.framework in Frameworks */ = {isa = PBXBuildFile; fileRef = 98D0F99D194FDEAC005B484D /* CoreGraphics.framework */; };
		98D0F9A0194FDEAC005B484D /* UIKit.framework in Frameworks */ = {isa = PBXBuildFile; fileRef = 98D0F99F194FDEAC005B484D /* UIKit.framework */; };
		98D0F9A6194FDEAC005B484D /* InfoPlist.strings in Resources */ = {isa = PBXBuildFile; fileRef = 98D0F9A4194FDEAC005B484D /* InfoPlist.strings */; };
		98D0F9A8194FDEAC005B484D /* main.m in Sources */ = {isa = PBXBuildFile; fileRef = 98D0F9A7194FDEAC005B484D /* main.m */; };
		98D0F9AC194FDEAC005B484D /* MYAppDelegate.m in Sources */ = {isa = PBXBuildFile; fileRef = 98D0F9AB194FDEAC005B484D /* MYAppDelegate.m */; };
		98D0F9AE194FDEAC005B484D /* Images.xcassets in Resources */ = {isa = PBXBuildFile; fileRef = 98D0F9AD194FDEAC005B484D /* Images.xcassets */; };
		98D0F9B5194FDEAC005B484D /* XCTest.framework in Frameworks */ = {isa = PBXBuildFile; fileRef = 98D0F9B4194FDEAC005B484D /* XCTest.framework */; };
		98D0F9B6194FDEAC005B484D /* Foundation.framework in Frameworks */ = {isa = PBXBuildFile; fileRef = 98D0F99B194FDEAC005B484D /* Foundation.framework */; };
		98D0F9B7194FDEAC005B484D /* UIKit.framework in Frameworks */ = {isa = PBXBuildFile; fileRef = 98D0F99F194FDEAC005B484D /* UIKit.framework */; };
		98D0F9BF194FDEAC005B484D /* InfoPlist.strings in Resources */ = {isa = PBXBuildFile; fileRef = 98D0F9BD194FDEAC005B484D /* InfoPlist.strings */; };
		98D0F9C1194FDEAC005B484D /* ScreenShotDemoTests.m in Sources */ = {isa = PBXBuildFile; fileRef = 98D0F9C0194FDEAC005B484D /* ScreenShotDemoTests.m */; };
		98D0F9CC194FDEE3005B484D /* MYViewController.m in Sources */ = {isa = PBXBuildFile; fileRef = 98D0F9CB194FDEE3005B484D /* MYViewController.m */; };
		98D0F9D7194FE0ED005B484D /* screenshottest.png in Resources */ = {isa = PBXBuildFile; fileRef = 98D0F9D6194FE0ED005B484D /* screenshottest.png */; };
		98D0FAB0195128F3005B484D /* MYDrawView.m in Sources */ = {isa = PBXBuildFile; fileRef = 98D0FAAF195128F3005B484D /* MYDrawView.m */; };
		98D0FAB219528A36005B484D /* MYViewController.xib in Resources */ = {isa = PBXBuildFile; fileRef = 98D0FAB119528A36005B484D /* MYViewController.xib */; };
		98D0FABA195292F8005B484D /* MYStroke.m in Sources */ = {isa = PBXBuildFile; fileRef = 98D0FAB9195292F8005B484D /* MYStroke.m */; };
		98D0FABD1952943A005B484D /* MYPalette.m in Sources */ = {isa = PBXBuildFile; fileRef = 98D0FABC1952943A005B484D /* MYPalette.m */; };
		98D0FABF19542C1B005B484D /* QuartzCore.framework in Frameworks */ = {isa = PBXBuildFile; fileRef = 98D0FABE19542C1B005B484D /* QuartzCore.framework */; };
/* End PBXBuildFile section */

/* Begin PBXContainerItemProxy section */
		98D0F9B8194FDEAC005B484D /* PBXContainerItemProxy */ = {
			isa = PBXContainerItemProxy;
			containerPortal = 98D0F990194FDEAC005B484D /* Project object */;
			proxyType = 1;
			remoteGlobalIDString = 98D0F997194FDEAC005B484D;
			remoteInfo = ScreenShotDemo;
		};
/* End PBXContainerItemProxy section */

/* Begin PBXFileReference section */
		9891A1CE195A762F00F10712 /* MYScreenShotViewController.h */ = {isa = PBXFileReference; fileEncoding = 4; lastKnownFileType = sourcecode.c.h; path = MYScreenShotViewController.h; sourceTree = "<group>"; };
		9891A1CF195A762F00F10712 /* MYScreenShotViewController.m */ = {isa = PBXFileReference; fileEncoding = 4; lastKnownFileType = sourcecode.c.objc; path = MYScreenShotViewController.m; sourceTree = "<group>"; };
		9891A1D1195A795900F10712 /* MYScreenPlot.h */ = {isa = PBXFileReference; fileEncoding = 4; lastKnownFileType = sourcecode.c.h; path = MYScreenPlot.h; sourceTree = "<group>"; };
		9891A1D2195A795900F10712 /* MYScreenPlot.m */ = {isa = PBXFileReference; fileEncoding = 4; lastKnownFileType = sourcecode.c.objc; path = MYScreenPlot.m; sourceTree = "<group>"; };
		9891A1D4195ACB9100F10712 /* 1.png */ = {isa = PBXFileReference; lastKnownFileType = image.png; path = 1.png; sourceTree = "<group>"; };
		9891A1D5195ACB9100F10712 /* 2.png */ = {isa = PBXFileReference; lastKnownFileType = image.png; path = 2.png; sourceTree = "<group>"; };
		9891A1D6195ACB9100F10712 /* 3.png */ = {isa = PBXFileReference; lastKnownFileType = image.png; path = 3.png; sourceTree = "<group>"; };
		9891A1DA195BB6B500F10712 /* MYEditView.h */ = {isa = PBXFileReference; fileEncoding = 4; lastKnownFileType = sourcecode.c.h; path = MYEditView.h; sourceTree = "<group>"; };
		9891A1DB195BB6B500F10712 /* MYEditView.m */ = {isa = PBXFileReference; fileEncoding = 4; lastKnownFileType = sourcecode.c.objc; path = MYEditView.m; sourceTree = "<group>"; };
		9891A1DD195BC5FB00F10712 /* MYDrawCell.h */ = {isa = PBXFileReference; fileEncoding = 4; lastKnownFileType = sourcecode.c.h; path = MYDrawCell.h; sourceTree = "<group>"; };
		9891A1DE195BC5FB00F10712 /* MYDrawCell.m */ = {isa = PBXFileReference; fileEncoding = 4; lastKnownFileType = sourcecode.c.objc; path = MYDrawCell.m; sourceTree = "<group>"; };
		9891A1E1195C1ADA00F10712 /* delete.png */ = {isa = PBXFileReference; lastKnownFileType = image.png; path = delete.png; sourceTree = "<group>"; };
		98D0F998194FDEAC005B484D /* ScreenShotDemo.app */ = {isa = PBXFileReference; explicitFileType = wrapper.application; includeInIndex = 0; path = ScreenShotDemo.app; sourceTree = BUILT_PRODUCTS_DIR; };
		98D0F99B194FDEAC005B484D /* Foundation.framework */ = {isa = PBXFileReference; lastKnownFileType = wrapper.framework; name = Foundation.framework; path = System/Library/Frameworks/Foundation.framework; sourceTree = SDKROOT; };
		98D0F99D194FDEAC005B484D /* CoreGraphics.framework */ = {isa = PBXFileReference; lastKnownFileType = wrapper.framework; name = CoreGraphics.framework; path = System/Library/Frameworks/CoreGraphics.framework; sourceTree = SDKROOT; };
		98D0F99F194FDEAC005B484D /* UIKit.framework */ = {isa = PBXFileReference; lastKnownFileType = wrapper.framework; name = UIKit.framework; path = System/Library/Frameworks/UIKit.framework; sourceTree = SDKROOT; };
		98D0F9A3194FDEAC005B484D /* ScreenShotDemo-Info.plist */ = {isa = PBXFileReference; lastKnownFileType = text.plist.xml; path = "ScreenShotDemo-Info.plist"; sourceTree = "<group>"; };
		98D0F9A5194FDEAC005B484D /* en */ = {isa = PBXFileReference; lastKnownFileType = text.plist.strings; name = en; path = en.lproj/InfoPlist.strings; sourceTree = "<group>"; };
		98D0F9A7194FDEAC005B484D /* main.m */ = {isa = PBXFileReference; lastKnownFileType = sourcecode.c.objc; path = main.m; sourceTree = "<group>"; };
		98D0F9A9194FDEAC005B484D /* ScreenShotDemo-Prefix.pch */ = {isa = PBXFileReference; lastKnownFileType = sourcecode.c.h; path = "ScreenShotDemo-Prefix.pch"; sourceTree = "<group>"; };
		98D0F9AA194FDEAC005B484D /* MYAppDelegate.h */ = {isa = PBXFileReference; lastKnownFileType = sourcecode.c.h; path = MYAppDelegate.h; sourceTree = "<group>"; };
		98D0F9AB194FDEAC005B484D /* MYAppDelegate.m */ = {isa = PBXFileReference; lastKnownFileType = sourcecode.c.objc; path = MYAppDelegate.m; sourceTree = "<group>"; };
		98D0F9AD194FDEAC005B484D /* Images.xcassets */ = {isa = PBXFileReference; lastKnownFileType = folder.assetcatalog; path = Images.xcassets; sourceTree = "<group>"; };
		98D0F9B3194FDEAC005B484D /* ScreenShotDemoTests.xctest */ = {isa = PBXFileReference; explicitFileType = wrapper.cfbundle; includeInIndex = 0; path = ScreenShotDemoTests.xctest; sourceTree = BUILT_PRODUCTS_DIR; };
		98D0F9B4194FDEAC005B484D /* XCTest.framework */ = {isa = PBXFileReference; lastKnownFileType = wrapper.framework; name = XCTest.framework; path = Library/Frameworks/XCTest.framework; sourceTree = DEVELOPER_DIR; };
		98D0F9BC194FDEAC005B484D /* ScreenShotDemoTests-Info.plist */ = {isa = PBXFileReference; lastKnownFileType = text.plist.xml; path = "ScreenShotDemoTests-Info.plist"; sourceTree = "<group>"; };
		98D0F9BE194FDEAC005B484D /* en */ = {isa = PBXFileReference; lastKnownFileType = text.plist.strings; name = en; path = en.lproj/InfoPlist.strings; sourceTree = "<group>"; };
		98D0F9C0194FDEAC005B484D /* ScreenShotDemoTests.m */ = {isa = PBXFileReference; lastKnownFileType = sourcecode.c.objc; path = ScreenShotDemoTests.m; sourceTree = "<group>"; };
		98D0F9CA194FDEE3005B484D /* MYViewController.h */ = {isa = PBXFileReference; fileEncoding = 4; lastKnownFileType = sourcecode.c.h; path = MYViewController.h; sourceTree = "<group>"; };
		98D0F9CB194FDEE3005B484D /* MYViewController.m */ = {isa = PBXFileReference; fileEncoding = 4; lastKnownFileType = sourcecode.c.objc; path = MYViewController.m; sourceTree = "<group>"; };
		98D0F9D6194FE0ED005B484D /* screenshottest.png */ = {isa = PBXFileReference; lastKnownFileType = image.png; path = screenshottest.png; sourceTree = "<group>"; };
		98D0FAAE195128F3005B484D /* MYDrawView.h */ = {isa = PBXFileReference; fileEncoding = 4; lastKnownFileType = sourcecode.c.h; path = MYDrawView.h; sourceTree = "<group>"; };
		98D0FAAF195128F3005B484D /* MYDrawView.m */ = {isa = PBXFileReference; fileEncoding = 4; lastKnownFileType = sourcecode.c.objc; path = MYDrawView.m; sourceTree = "<group>"; };
		98D0FAB119528A36005B484D /* MYViewController.xib */ = {isa = PBXFileReference; fileEncoding = 4; lastKnownFileType = file.xib; path = MYViewController.xib; sourceTree = "<group>"; };
		98D0FAB8195292F8005B484D /* MYStroke.h */ = {isa = PBXFileReference; fileEncoding = 4; lastKnownFileType = sourcecode.c.h; path = MYStroke.h; sourceTree = "<group>"; };
		98D0FAB9195292F8005B484D /* MYStroke.m */ = {isa = PBXFileReference; fileEncoding = 4; lastKnownFileType = sourcecode.c.objc; path = MYStroke.m; sourceTree = "<group>"; };
		98D0FABB1952943A005B484D /* MYPalette.h */ = {isa = PBXFileReference; fileEncoding = 4; lastKnownFileType = sourcecode.c.h; path = MYPalette.h; sourceTree = "<group>"; };
		98D0FABC1952943A005B484D /* MYPalette.m */ = {isa = PBXFileReference; fileEncoding = 4; lastKnownFileType = sourcecode.c.objc; path = MYPalette.m; sourceTree = "<group>"; };
		98D0FABE19542C1B005B484D /* QuartzCore.framework */ = {isa = PBXFileReference; lastKnownFileType = wrapper.framework; name = QuartzCore.framework; path = System/Library/Frameworks/QuartzCore.framework; sourceTree = SDKROOT; };
/* End PBXFileReference section */

/* Begin PBXFrameworksBuildPhase section */
		98D0F995194FDEAC005B484D /* Frameworks */ = {
			isa = PBXFrameworksBuildPhase;
			buildActionMask = 2147483647;
			files = (
				98D0FABF19542C1B005B484D /* QuartzCore.framework in Frameworks */,
				98D0F99E194FDEAC005B484D /* CoreGraphics.framework in Frameworks */,
				98D0F9A0194FDEAC005B484D /* UIKit.framework in Frameworks */,
				98D0F99C194FDEAC005B484D /* Foundation.framework in Frameworks */,
			);
			runOnlyForDeploymentPostprocessing = 0;
		};
		98D0F9B0194FDEAC005B484D /* Frameworks */ = {
			isa = PBXFrameworksBuildPhase;
			buildActionMask = 2147483647;
			files = (
				98D0F9B5194FDEAC005B484D /* XCTest.framework in Frameworks */,
				98D0F9B7194FDEAC005B484D /* UIKit.framework in Frameworks */,
				98D0F9B6194FDEAC005B484D /* Foundation.framework in Frameworks */,
			);
			runOnlyForDeploymentPostprocessing = 0;
		};
/* End PBXFrameworksBuildPhase section */

/* Begin PBXGroup section */
		9891A1E0195BC7EF00F10712 /* shapeDraw */ = {
			isa = PBXGroup;
			children = (
				9891A1DA195BB6B500F10712 /* MYEditView.h */,
				9891A1DB195BB6B500F10712 /* MYEditView.m */,
				9891A1DD195BC5FB00F10712 /* MYDrawCell.h */,
				9891A1DE195BC5FB00F10712 /* MYDrawCell.m */,
			);
			name = shapeDraw;
			sourceTree = "<group>";
		};
		98D0F98F194FDEAC005B484D = {
			isa = PBXGroup;
			children = (
				98D0F9A1194FDEAC005B484D /* ScreenShotDemo */,
				98D0F9BA194FDEAC005B484D /* ScreenShotDemoTests */,
				98D0F99A194FDEAC005B484D /* Frameworks */,
				98D0F999194FDEAC005B484D /* Products */,
			);
			sourceTree = "<group>";
		};
		98D0F999194FDEAC005B484D /* Products */ = {
			isa = PBXGroup;
			children = (
				98D0F998194FDEAC005B484D /* ScreenShotDemo.app */,
				98D0F9B3194FDEAC005B484D /* ScreenShotDemoTests.xctest */,
			);
			name = Products;
			sourceTree = "<group>";
		};
		98D0F99A194FDEAC005B484D /* Frameworks */ = {
			isa = PBXGroup;
			children = (
				98D0FABE19542C1B005B484D /* QuartzCore.framework */,
				98D0F99B194FDEAC005B484D /* Foundation.framework */,
				98D0F99D194FDEAC005B484D /* CoreGraphics.framework */,
				98D0F99F194FDEAC005B484D /* UIKit.framework */,
				98D0F9B4194FDEAC005B484D /* XCTest.framework */,
			);
			name = Frameworks;
			sourceTree = "<group>";
		};
		98D0F9A1194FDEAC005B484D /* ScreenShotDemo */ = {
			isa = PBXGroup;
			children = (
				98D0F9CD194FDF5B005B484D /* sreenshot */,
				98D0F9AA194FDEAC005B484D /* MYAppDelegate.h */,
				98D0F9AB194FDEAC005B484D /* MYAppDelegate.m */,
				98D0F9CA194FDEE3005B484D /* MYViewController.h */,
				98D0F9CB194FDEE3005B484D /* MYViewController.m */,
				98D0FAB119528A36005B484D /* MYViewController.xib */,
				9891A1CE195A762F00F10712 /* MYScreenShotViewController.h */,
				9891A1CF195A762F00F10712 /* MYScreenShotViewController.m */,
				98D0F9AD194FDEAC005B484D /* Images.xcassets */,
				98D0F9A2194FDEAC005B484D /* Supporting Files */,
			);
			path = ScreenShotDemo;
			sourceTree = "<group>";
		};
		98D0F9A2194FDEAC005B484D /* Supporting Files */ = {
			isa = PBXGroup;
			children = (
				98D0F9D5194FE0ED005B484D /* images */,
				98D0F9A3194FDEAC005B484D /* ScreenShotDemo-Info.plist */,
				98D0F9A4194FDEAC005B484D /* InfoPlist.strings */,
				98D0F9A7194FDEAC005B484D /* main.m */,
				98D0F9A9194FDEAC005B484D /* ScreenShotDemo-Prefix.pch */,
			);
			name = "Supporting Files";
			sourceTree = "<group>";
		};
		98D0F9BA194FDEAC005B484D /* ScreenShotDemoTests */ = {
			isa = PBXGroup;
			children = (
				98D0F9C0194FDEAC005B484D /* ScreenShotDemoTests.m */,
				98D0F9BB194FDEAC005B484D /* Supporting Files */,
			);
			path = ScreenShotDemoTests;
			sourceTree = "<group>";
		};
		98D0F9BB194FDEAC005B484D /* Supporting Files */ = {
			isa = PBXGroup;
			children = (
				98D0F9BC194FDEAC005B484D /* ScreenShotDemoTests-Info.plist */,
				98D0F9BD194FDEAC005B484D /* InfoPlist.strings */,
			);
			name = "Supporting Files";
			sourceTree = "<group>";
		};
		98D0F9CD194FDF5B005B484D /* sreenshot */ = {
			isa = PBXGroup;
			children = (
				9891A1E0195BC7EF00F10712 /* shapeDraw */,
				98D0FAAE195128F3005B484D /* MYDrawView.h */,
				98D0FAAF195128F3005B484D /* MYDrawView.m */,
				98D0FAB8195292F8005B484D /* MYStroke.h */,
				98D0FAB9195292F8005B484D /* MYStroke.m */,
				98D0FABB1952943A005B484D /* MYPalette.h */,
				98D0FABC1952943A005B484D /* MYPalette.m */,
				9891A1D1195A795900F10712 /* MYScreenPlot.h */,
				9891A1D2195A795900F10712 /* MYScreenPlot.m */,
			);
			path = sreenshot;
			sourceTree = "<group>";
		};
		98D0F9D5194FE0ED005B484D /* images */ = {
			isa = PBXGroup;
			children = (
				9891A1E1195C1ADA00F10712 /* delete.png */,
				9891A1D4195ACB9100F10712 /* 1.png */,
				9891A1D5195ACB9100F10712 /* 2.png */,
				9891A1D6195ACB9100F10712 /* 3.png */,
				98D0F9D6194FE0ED005B484D /* screenshottest.png */,
			);
			path = images;
			sourceTree = "<group>";
		};
/* End PBXGroup section */

/* Begin PBXNativeTarget section */
		98D0F997194FDEAC005B484D /* ScreenShotDemo */ = {
			isa = PBXNativeTarget;
			buildConfigurationList = 98D0F9C4194FDEAC005B484D /* Build configuration list for PBXNativeTarget "ScreenShotDemo" */;
			buildPhases = (
				98D0F994194FDEAC005B484D /* Sources */,
				98D0F995194FDEAC005B484D /* Frameworks */,
				98D0F996194FDEAC005B484D /* Resources */,
			);
			buildRules = (
			);
			dependencies = (
			);
			name = ScreenShotDemo;
			productName = ScreenShotDemo;
			productReference = 98D0F998194FDEAC005B484D /* ScreenShotDemo.app */;
			productType = "com.apple.product-type.application";
		};
		98D0F9B2194FDEAC005B484D /* ScreenShotDemoTests */ = {
			isa = PBXNativeTarget;
			buildConfigurationList = 98D0F9C7194FDEAC005B484D /* Build configuration list for PBXNativeTarget "ScreenShotDemoTests" */;
			buildPhases = (
				98D0F9AF194FDEAC005B484D /* Sources */,
				98D0F9B0194FDEAC005B484D /* Frameworks */,
				98D0F9B1194FDEAC005B484D /* Resources */,
			);
			buildRules = (
			);
			dependencies = (
				98D0F9B9194FDEAC005B484D /* PBXTargetDependency */,
			);
			name = ScreenShotDemoTests;
			productName = ScreenShotDemoTests;
			productReference = 98D0F9B3194FDEAC005B484D /* ScreenShotDemoTests.xctest */;
			productType = "com.apple.product-type.bundle.unit-test";
		};
/* End PBXNativeTarget section */

/* Begin PBXProject section */
		98D0F990194FDEAC005B484D /* Project object */ = {
			isa = PBXProject;
			attributes = {
				CLASSPREFIX = MY;
				LastUpgradeCheck = 0510;
				ORGANIZATIONNAME = mysoft;
				TargetAttributes = {
					98D0F9B2194FDEAC005B484D = {
						TestTargetID = 98D0F997194FDEAC005B484D;
					};
				};
			};
			buildConfigurationList = 98D0F993194FDEAC005B484D /* Build configuration list for PBXProject "ScreenShotDemo" */;
			compatibilityVersion = "Xcode 3.2";
			developmentRegion = English;
			hasScannedForEncodings = 0;
			knownRegions = (
				en,
			);
			mainGroup = 98D0F98F194FDEAC005B484D;
			productRefGroup = 98D0F999194FDEAC005B484D /* Products */;
			projectDirPath = "";
			projectRoot = "";
			targets = (
				98D0F997194FDEAC005B484D /* ScreenShotDemo */,
				98D0F9B2194FDEAC005B484D /* ScreenShotDemoTests */,
			);
		};
/* End PBXProject section */

/* Begin PBXResourcesBuildPhase section */
		98D0F996194FDEAC005B484D /* Resources */ = {
			isa = PBXResourcesBuildPhase;
			buildActionMask = 2147483647;
			files = (
				9891A1E2195C1ADA00F10712 /* delete.png in Resources */,
				9891A1D8195ACB9100F10712 /* 2.png in Resources */,
				98D0F9A6194FDEAC005B484D /* InfoPlist.strings in Resources */,
				98D0F9AE194FDEAC005B484D /* Images.xcassets in Resources */,
				98D0FAB219528A36005B484D /* MYViewController.xib in Resources */,
				98D0F9D7194FE0ED005B484D /* screenshottest.png in Resources */,
				9891A1D9195ACB9100F10712 /* 3.png in Resources */,
				9891A1D7195ACB9100F10712 /* 1.png in Resources */,
			);
			runOnlyForDeploymentPostprocessing = 0;
		};
		98D0F9B1194FDEAC005B484D /* Resources */ = {
			isa = PBXResourcesBuildPhase;
			buildActionMask = 2147483647;
			files = (
				98D0F9BF194FDEAC005B484D /* InfoPlist.strings in Resources */,
			);
			runOnlyForDeploymentPostprocessing = 0;
		};
/* End PBXResourcesBuildPhase section */

/* Begin PBXSourcesBuildPhase section */
		98D0F994194FDEAC005B484D /* Sources */ = {
			isa = PBXSourcesBuildPhase;
			buildActionMask = 2147483647;
			files = (
				98D0F9CC194FDEE3005B484D /* MYViewController.m in Sources */,
				9891A1DF195BC5FB00F10712 /* MYDrawCell.m in Sources */,
				9891A1D3195A795900F10712 /* MYScreenPlot.m in Sources */,
				9891A1D0195A762F00F10712 /* MYScreenShotViewController.m in Sources */,
				9891A1DC195BB6B500F10712 /* MYEditView.m in Sources */,
				98D0F9AC194FDEAC005B484D /* MYAppDelegate.m in Sources */,
				98D0FABD1952943A005B484D /* MYPalette.m in Sources */,
				98D0FABA195292F8005B484D /* MYStroke.m in Sources */,
				98D0FAB0195128F3005B484D /* MYDrawView.m in Sources */,
				98D0F9A8194FDEAC005B484D /* main.m in Sources */,
			);
			runOnlyForDeploymentPostprocessing = 0;
		};
		98D0F9AF194FDEAC005B484D /* Sources */ = {
			isa = PBXSourcesBuildPhase;
			buildActionMask = 2147483647;
			files = (
				98D0F9C1194FDEAC005B484D /* ScreenShotDemoTests.m in Sources */,
			);
			runOnlyForDeploymentPostprocessing = 0;
		};
/* End PBXSourcesBuildPhase section */

/* Begin PBXTargetDependency section */
		98D0F9B9194FDEAC005B484D /* PBXTargetDependency */ = {
			isa = PBXTargetDependency;
			target = 98D0F997194FDEAC005B484D /* ScreenShotDemo */;
			targetProxy = 98D0F9B8194FDEAC005B484D /* PBXContainerItemProxy */;
		};
/* End PBXTargetDependency section */

/* Begin PBXVariantGroup section */
		98D0F9A4194FDEAC005B484D /* InfoPlist.strings */ = {
			isa = PBXVariantGroup;
			children = (
				98D0F9A5194FDEAC005B484D /* en */,
			);
			name = InfoPlist.strings;
			sourceTree = "<group>";
		};
		98D0F9BD194FDEAC005B484D /* InfoPlist.strings */ = {
			isa = PBXVariantGroup;
			children = (
				98D0F9BE194FDEAC005B484D /* en */,
			);
			name = InfoPlist.strings;
			sourceTree = "<group>";
		};
/* End PBXVariantGroup section */

/* Begin XCBuildConfiguration section */
		98D0F9C2194FDEAC005B484D /* Debug */ = {
			isa = XCBuildConfiguration;
			buildSettings = {
				ALWAYS_SEARCH_USER_PATHS = NO;
				CLANG_CXX_LANGUAGE_STANDARD = "gnu++0x";
				CLANG_CXX_LIBRARY = "libc++";
				CLANG_ENABLE_MODULES = YES;
				CLANG_ENABLE_OBJC_ARC = YES;
				CLANG_WARN_BOOL_CONVERSION = YES;
				CLANG_WARN_CONSTANT_CONVERSION = YES;
				CLANG_WARN_DIRECT_OBJC_ISA_USAGE = YES_ERROR;
				CLANG_WARN_EMPTY_BODY = YES;
				CLANG_WARN_ENUM_CONVERSION = YES;
				CLANG_WARN_INT_CONVERSION = YES;
				CLANG_WARN_OBJC_ROOT_CLASS = YES_ERROR;
				CLANG_WARN__DUPLICATE_METHOD_MATCH = YES;
				"CODE_SIGN_IDENTITY[sdk=iphoneos*]" = "iPhone Developer";
				COPY_PHASE_STRIP = NO;
				GCC_C_LANGUAGE_STANDARD = gnu99;
				GCC_DYNAMIC_NO_PIC = NO;
				GCC_OPTIMIZATION_LEVEL = 0;
				GCC_PREPROCESSOR_DEFINITIONS = (
					"DEBUG=1",
					"$(inherited)",
				);
				GCC_SYMBOLS_PRIVATE_EXTERN = NO;
				GCC_WARN_64_TO_32_BIT_CONVERSION = YES;
				GCC_WARN_ABOUT_RETURN_TYPE = YES_ERROR;
				GCC_WARN_UNDECLARED_SELECTOR = YES;
				GCC_WARN_UNINITIALIZED_AUTOS = YES_AGGRESSIVE;
				GCC_WARN_UNUSED_FUNCTION = YES;
				GCC_WARN_UNUSED_VARIABLE = YES;
				IPHONEOS_DEPLOYMENT_TARGET = 7.1;
				ONLY_ACTIVE_ARCH = YES;
				SDKROOT = iphoneos;
			};
			name = Debug;
		};
		98D0F9C3194FDEAC005B484D /* Release */ = {
			isa = XCBuildConfiguration;
			buildSettings = {
				ALWAYS_SEARCH_USER_PATHS = NO;
				CLANG_CXX_LANGUAGE_STANDARD = "gnu++0x";
				CLANG_CXX_LIBRARY = "libc++";
				CLANG_ENABLE_MODULES = YES;
				CLANG_ENABLE_OBJC_ARC = YES;
				CLANG_WARN_BOOL_CONVERSION = YES;
				CLANG_WARN_CONSTANT_CONVERSION = YES;
				CLANG_WARN_DIRECT_OBJC_ISA_USAGE = YES_ERROR;
				CLANG_WARN_EMPTY_BODY = YES;
				CLANG_WARN_ENUM_CONVERSION = YES;
				CLANG_WARN_INT_CONVERSION = YES;
				CLANG_WARN_OBJC_ROOT_CLASS = YES_ERROR;
				CLANG_WARN__DUPLICATE_METHOD_MATCH = YES;
				"CODE_SIGN_IDENTITY[sdk=iphoneos*]" = "iPhone Developer";
				COPY_PHASE_STRIP = YES;
				ENABLE_NS_ASSERTIONS = NO;
				GCC_C_LANGUAGE_STANDARD = gnu99;
				GCC_WARN_64_TO_32_BIT_CONVERSION = YES;
				GCC_WARN_ABOUT_RETURN_TYPE = YES_ERROR;
				GCC_WARN_UNDECLARED_SELECTOR = YES;
				GCC_WARN_UNINITIALIZED_AUTOS = YES_AGGRESSIVE;
				GCC_WARN_UNUSED_FUNCTION = YES;
				GCC_WARN_UNUSED_VARIABLE = YES;
				IPHONEOS_DEPLOYMENT_TARGET = 7.1;
				SDKROOT = iphoneos;
				VALIDATE_PRODUCT = YES;
			};
			name = Release;
		};
		98D0F9C5194FDEAC005B484D /* Debug */ = {
			isa = XCBuildConfiguration;
			buildSettings = {
				ASSETCATALOG_COMPILER_APPICON_NAME = AppIcon;
				ASSETCATALOG_COMPILER_LAUNCHIMAGE_NAME = LaunchImage;
				GCC_PRECOMPILE_PREFIX_HEADER = YES;
				GCC_PREFIX_HEADER = "ScreenShotDemo/ScreenShotDemo-Prefix.pch";
				INFOPLIST_FILE = "ScreenShotDemo/ScreenShotDemo-Info.plist";
				PRODUCT_NAME = "$(TARGET_NAME)";
				WRAPPER_EXTENSION = app;
			};
			name = Debug;
		};
		98D0F9C6194FDEAC005B484D /* Release */ = {
			isa = XCBuildConfiguration;
			buildSettings = {
				ASSETCATALOG_COMPILER_APPICON_NAME = AppIcon;
				ASSETCATALOG_COMPILER_LAUNCHIMAGE_NAME = LaunchImage;
				GCC_PRECOMPILE_PREFIX_HEADER = YES;
				GCC_PREFIX_HEADER = "ScreenShotDemo/ScreenShotDemo-Prefix.pch";
				INFOPLIST_FILE = "ScreenShotDemo/ScreenShotDemo-Info.plist";
				PRODUCT_NAME = "$(TARGET_NAME)";
				WRAPPER_EXTENSION = app;
			};
			name = Release;
		};
		98D0F9C8194FDEAC005B484D /* Debug */ = {
			isa = XCBuildConfiguration;
			buildSettings = {
				BUNDLE_LOADER = "$(BUILT_PRODUCTS_DIR)/ScreenShotDemo.app/ScreenShotDemo";
				FRAMEWORK_SEARCH_PATHS = (
					"$(SDKROOT)/Developer/Library/Frameworks",
					"$(inherited)",
					"$(DEVELOPER_FRAMEWORKS_DIR)",
				);
				GCC_PRECOMPILE_PREFIX_HEADER = YES;
				GCC_PREFIX_HEADER = "ScreenShotDemo/ScreenShotDemo-Prefix.pch";
				GCC_PREPROCESSOR_DEFINITIONS = (
					"DEBUG=1",
					"$(inherited)",
				);
				INFOPLIST_FILE = "ScreenShotDemoTests/ScreenShotDemoTests-Info.plist";
				PRODUCT_NAME = "$(TARGET_NAME)";
				TEST_HOST = "$(BUNDLE_LOADER)";
				WRAPPER_EXTENSION = xctest;
			};
			name = Debug;
		};
		98D0F9C9194FDEAC005B484D /* Release */ = {
			isa = XCBuildConfiguration;
			buildSettings = {
				BUNDLE_LOADER = "$(BUILT_PRODUCTS_DIR)/ScreenShotDemo.app/ScreenShotDemo";
				FRAMEWORK_SEARCH_PATHS = (
					"$(SDKROOT)/Developer/Library/Frameworks",
					"$(inherited)",
					"$(DEVELOPER_FRAMEWORKS_DIR)",
				);
				GCC_PRECOMPILE_PREFIX_HEADER = YES;
				GCC_PREFIX_HEADER = "ScreenShotDemo/ScreenShotDemo-Prefix.pch";
				INFOPLIST_FILE = "ScreenShotDemoTests/ScreenShotDemoTests-Info.plist";
				PRODUCT_NAME = "$(TARGET_NAME)";
				TEST_HOST = "$(BUNDLE_LOADER)";
				WRAPPER_EXTENSION = xctest;
			};
			name = Release;
		};
/* End XCBuildConfiguration section */

/* Begin XCConfigurationList section */
		98D0F993194FDEAC005B484D /* Build configuration list for PBXProject "ScreenShotDemo" */ = {
			isa = XCConfigurationList;
			buildConfigurations = (
				98D0F9C2194FDEAC005B484D /* Debug */,
				98D0F9C3194FDEAC005B484D /* Release */,
			);
			defaultConfigurationIsVisible = 0;
			defaultConfigurationName = Release;
		};
		98D0F9C4194FDEAC005B484D /* Build configuration list for PBXNativeTarget "ScreenShotDemo" */ = {
			isa = XCConfigurationList;
			buildConfigurations = (
				98D0F9C5194FDEAC005B484D /* Debug */,
				98D0F9C6194FDEAC005B484D /* Release */,
			);
			defaultConfigurationIsVisible = 0;
			defaultConfigurationName = Release;
		};
		98D0F9C7194FDEAC005B484D /* Build configuration list for PBXNativeTarget "ScreenShotDemoTests" */ = {
			isa = XCConfigurationList;
			buildConfigurations = (
				98D0F9C8194FDEAC005B484D /* Debug */,
				98D0F9C9194FDEAC005B484D /* Release */,
			);
			defaultConfigurationIsVisible = 0;
			defaultConfigurationName = Release;
		};
/* End XCConfigurationList section */
	};
	rootObject = 98D0F990194FDEAC005B484D /* Project object */;
}
